
Microsoft Visual Studio Solution File, Format Version 12.00
# Visual Studio 15
VisualStudioVersion = 15.0.28307.645
MinimumVisualStudioVersion = 10.0.40219.1
Project("{FAE04EC0-301F-11D3-BF4B-00C04F79EFBC}") = "CipherHunt", "CipherHunt\CipherHunt.csproj", "{87FCFE23-BF7C-4DEE-A337-5E44870771BC}"
EndProject
Project("{FAE04EC0-301F-11D3-BF4B-00C04F79EFBC}") = "Repository", "Repository\Repository.csproj", "{17E67469-AB2A-46FC-8868-CDFBA2BDC9A8}"
EndProject
Global
	GlobalSection(SolutionConfigurationPlatforms) = preSolution
		Debug|Any CPU = Debug|Any CPU
		Release|Any CPU = Release|Any CPU
	EndGlobalSection
	GlobalSection(ProjectConfigurationPlatforms) = postSolution
		{87FCFE23-BF7C-4DEE-A337-5E44870771BC}.Debug|Any CPU.ActiveCfg = Debug|Any CPU
		{87FCFE23-BF7C-4DEE-A337-5E44870771BC}.Debug|Any CPU.Build.0 = Debug|Any CPU
		{87FCFE23-BF7C-4DEE-A337-5E44870771BC}.Release|Any CPU.ActiveCfg = Release|Any CPU
		{87FCFE23-BF7C-4DEE-A337-5E44870771BC}.Release|Any CPU.Build.0 = Release|Any CPU
		{17E67469-AB2A-46FC-8868-CDFBA2BDC9A8}.Debug|Any CPU.ActiveCfg = Debug|Any CPU
		{17E67469-AB2A-46FC-8868-CDFBA2BDC9A8}.Debug|Any CPU.Build.0 = Debug|Any CPU
		{17E67469-AB2A-46FC-8868-CDFBA2BDC9A8}.Release|Any CPU.ActiveCfg = Release|Any CPU
		{17E67469-AB2A-46FC-8868-CDFBA2BDC9A8}.Release|Any CPU.Build.0 = Release|Any CPU
	EndGlobalSection
	GlobalSection(SolutionProperties) = preSolution
		HideSolutionNode = FALSE
	EndGlobalSection
	GlobalSection(ExtensibilityGlobals) = postSolution
		SolutionGuid = {09257E61-C08E-4BB0-B871-B9C3024CD1D3}
	EndGlobalSection
EndGlobal
